
Microsoft Visual Studio Solution File, Format Version 12.00
# Visual Studio Version 17
VisualStudioVersion = 17.2.32616.157
MinimumVisualStudioVersion = 10.0.40219.1
Project("{FAE04EC0-301F-11D3-BF4B-00C04F79EFBC}") = "TelaLogin", "TelaLogin\TelaLogin.csproj", "{CFF9D03D-35E2-4354-AC93-554F1C722593}"
EndProject
Global
	GlobalSection(SolutionConfigurationPlatforms) = preSolution
		Debug|Any CPU = Debug|Any CPU
		Release|Any CPU = Release|Any CPU
	EndGlobalSection
	GlobalSection(ProjectConfigurationPlatforms) = postSolution
		{CFF9D03D-35E2-4354-AC93-554F1C722593}.Debug|Any CPU.ActiveCfg = Debug|Any CPU
		{CFF9D03D-35E2-4354-AC93-554F1C722593}.Debug|Any CPU.Build.0 = Debug|Any CPU
		{CFF9D03D-35E2-4354-AC93-554F1C722593}.Release|Any CPU.ActiveCfg = Release|Any CPU
		{CFF9D03D-35E2-4354-AC93-554F1C722593}.Release|Any CPU.Build.0 = Release|Any CPU
	EndGlobalSection
	GlobalSection(SolutionProperties) = preSolution
		HideSolutionNode = FALSE
	EndGlobalSection
	GlobalSection(ExtensibilityGlobals) = postSolution
		SolutionGuid = {785C6D60-C760-496B-AE19-93EAB2FB4F65}
	EndGlobalSection
EndGlobal
